# This file is automatically @generated by Cargo.
# It is not intended for manual editing.
version = 4

[[package]]
name = "autorefcount"
version = "0.1.0"

[[package]]
name = "const_assert"
version = "0.1.0"

[[package]]
name = "core_reqs"
version = "0.1.0"

[[package]]
name = "cpu"
version = "0.1.0"

[[package]]
name = "elf_parser"
version = "0.1.0"
dependencies = [
 "page_table",
]

[[package]]
name = "kernel"
version = "0.1.0"
dependencies = [
 "autorefcount",
 "core_reqs",
 "cpu",
 "oncelock",
 "page_table",
 "rangeset",
 "serial",
 "shared_data",
 "spinlock",
]

[[package]]
name = "oncelock"
version = "0.1.0"

[[package]]
name = "page_table"
version = "0.1.0"
dependencies = [
 "cpu",
]

[[package]]
name = "rangeset"
version = "0.1.0"

[[package]]
name = "serial"
version = "0.1.0"
dependencies = [
 "cpu",
]

[[package]]
name = "shared_data"
version = "0.1.0"
dependencies = [
 "const_assert",
 "elf_parser",
 "oncelock",
 "page_table",
 "rangeset",
 "serial",
 "spinlock",
]

[[package]]
name = "spinlock"
version = "0.1.0"
