# This file is automatically @generated by Cargo.
# It is not intended for manual editing.
version = 4

[[package]]
name = "bootloader"
version = "0.1.0"
dependencies = [
 "cpu",
 "serial",
 "spinlock",
]

[[package]]
name = "cpu"
version = "0.1.0"

[[package]]
name = "serial"
version = "0.1.0"
dependencies = [
 "cpu",
]

[[package]]
name = "spinlock"
version = "0.1.0"
